
Microsoft Visual Studio Solution File, Format Version 12.00
# Visual Studio Version 16
VisualStudioVersion = 16.0.30804.86
MinimumVisualStudioVersion = 10.0.40219.1
Project("{9A19103F-16F7-4668-BE54-9A1E7A4F7556}") = "OdeToFood", "OdeToFood\OdeToFood.csproj", "{71CE3B00-5C51-4B6E-A54D-6A0D39501656}"
EndProject
Project("{9A19103F-16F7-4668-BE54-9A1E7A4F7556}") = "OdeToFood.Core", "OdeToFood.Core\OdeToFood.Core.csproj", "{5C819F6B-35E0-4A38-A11E-8097AB759CF9}"
EndProject
Project("{9A19103F-16F7-4668-BE54-9A1E7A4F7556}") = "OdeToFood.Data", "OdeToFood.Data\OdeToFood.Data.csproj", "{442FF272-9A8D-427E-AFB0-1518FFEE9330}"
EndProject
Global
	GlobalSection(SolutionConfigurationPlatforms) = preSolution
		Debug|Any CPU = Debug|Any CPU
		Release|Any CPU = Release|Any CPU
	EndGlobalSection
	GlobalSection(ProjectConfigurationPlatforms) = postSolution
		{71CE3B00-5C51-4B6E-A54D-6A0D39501656}.Debug|Any CPU.ActiveCfg = Debug|Any CPU
		{71CE3B00-5C51-4B6E-A54D-6A0D39501656}.Debug|Any CPU.Build.0 = Debug|Any CPU
		{71CE3B00-5C51-4B6E-A54D-6A0D39501656}.Release|Any CPU.ActiveCfg = Release|Any CPU
		{71CE3B00-5C51-4B6E-A54D-6A0D39501656}.Release|Any CPU.Build.0 = Release|Any CPU
		{5C819F6B-35E0-4A38-A11E-8097AB759CF9}.Debug|Any CPU.ActiveCfg = Debug|Any CPU
		{5C819F6B-35E0-4A38-A11E-8097AB759CF9}.Debug|Any CPU.Build.0 = Debug|Any CPU
		{5C819F6B-35E0-4A38-A11E-8097AB759CF9}.Release|Any CPU.ActiveCfg = Release|Any CPU
		{5C819F6B-35E0-4A38-A11E-8097AB759CF9}.Release|Any CPU.Build.0 = Release|Any CPU
		{442FF272-9A8D-427E-AFB0-1518FFEE9330}.Debug|Any CPU.ActiveCfg = Debug|Any CPU
		{442FF272-9A8D-427E-AFB0-1518FFEE9330}.Debug|Any CPU.Build.0 = Debug|Any CPU
		{442FF272-9A8D-427E-AFB0-1518FFEE9330}.Release|Any CPU.ActiveCfg = Release|Any CPU
		{442FF272-9A8D-427E-AFB0-1518FFEE9330}.Release|Any CPU.Build.0 = Release|Any CPU
	EndGlobalSection
	GlobalSection(SolutionProperties) = preSolution
		HideSolutionNode = FALSE
	EndGlobalSection
	GlobalSection(ExtensibilityGlobals) = postSolution
		SolutionGuid = {BE76B443-6982-4366-B76F-0B2A2C00A6AA}
	EndGlobalSection
EndGlobal
